
Microsoft Visual Studio Solution File, Format Version 11.00
# Visual Studio 2010
Project("{FAE04EC0-301F-11D3-BF4B-00C04F79EFBC}") = "Calibrate", "Calibrate\Calibrate.csproj", "{9269F056-FA5E-4625-A125-3A333104AAFA}"
EndProject
Global
	GlobalSection(SolutionConfigurationPlatforms) = preSolution
		Debug|Any CPU = Debug|Any CPU
		Release|Any CPU = Release|Any CPU
	EndGlobalSection
	GlobalSection(ProjectConfigurationPlatforms) = postSolution
		{9269F056-FA5E-4625-A125-3A333104AAFA}.Debug|Any CPU.ActiveCfg = Debug|Any CPU
		{9269F056-FA5E-4625-A125-3A333104AAFA}.Debug|Any CPU.Build.0 = Debug|Any CPU
		{9269F056-FA5E-4625-A125-3A333104AAFA}.Release|Any CPU.ActiveCfg = Release|Any CPU
		{9269F056-FA5E-4625-A125-3A333104AAFA}.Release|Any CPU.Build.0 = Release|Any CPU
	EndGlobalSection
	GlobalSection(MonoDevelopProperties) = preSolution
		StartupItem = Calibrate\Calibrate.csproj
	EndGlobalSection
	GlobalSection(SolutionProperties) = preSolution
		HideSolutionNode = FALSE
	EndGlobalSection
EndGlobal
